<?xml version="1.0" encoding="utf-8"?>
<Project ToolsVersion="4.0" xmlns="http://schemas.microsoft.com/developer/msbuild/2003">
  <ItemGroup>
    <ClCompile Include="include\Handlers\Player\characterSelectionHandler.h" />
    <ClCompile Include="include\Handlers\Player\FriendsGeneralHandler.h" />
    <ClCompile Include="include\Handlers\Item\ItemUpgradeHandler.h" />
    <ClCompile Include="include\Network\MainSession.h" />
    <ClCompile Include="include\Structures\PlayerLists\SingleLobbyList.h" />
    <ClCompile Include="include\Structures\Room\RoomJoinLatestInfo.h" />
    <ClCompile Include="src\Classes\Player.cpp" />
    <ClCompile Include="src\MainServer.cpp" />
    <ClCompile Include="src\MainServerMain.cpp" />
    <ClCompile Include="src\Structures\Item\MainEquippedItem.cpp" />
    <ClCompile Include="src\ChatCommands\ChatCommands.cpp" />
    <ClCompile Include="src\Classes\Room.cpp" />
    <ClCompile Include="src\Classes\RoomsManager.cpp" />
    <ClCompile Include="src\Network\MainSession.cpp" />
    <ClCompile Include="src\Network\MainSessionManager.cpp" />
    <ClCompile Include="src\Persistence\MainScheduler.cpp" />
    <ClCompile Include="src\GeneratedCommands.cpp" />
    <ClCompile Include="src\Detail\Utilities.cpp" />
    <ClCompile Include="src\Persistence\MainDatabaseManager.cpp" />
  </ItemGroup>
  <ItemGroup>
    <ClInclude Include="include\ChatCommands\ChatCommands.h" />
    <ClInclude Include="include\ChatCommands\Commands\OnlineCommand.h" />
    <ClInclude Include="include\ChatCommands\Commands\SetCurrency.h" />
    <ClInclude Include="include\Detail\CdbUtils.h" />
    <ClInclude Include="include\Classes\Player.h" />
    <ClInclude Include="include\Classes\RoomsManager.h" />
    <ClInclude Include="include\Handlers\Player\BlockPlayerHandler.h" />
    <ClInclude Include="include\Handlers\CapsuleSpinHandler.h" />
    <ClInclude Include="include\Handlers\Item\DeleteItemHandler.h" />
    <ClInclude Include="include\Handlers\Player\EquippedItemsHandler.h" />
    <ClInclude Include="include\Handlers\EventsHandlers.h" />
    <ClInclude Include="include\Handlers\Player\Mailbox\GiftHandlers.h" />
    <ClInclude Include="include\Handlers\Player\PingHandler.h" />
    <ClInclude Include="include\Handlers\Room\RoomChangeHostHandler.h" />
    <ClInclude Include="include\Handlers\Room\RoomJoinHandler.h" />
    <ClInclude Include="include\Handlers\Player\LobbyAccountInfoHandler.h" />
    <ClInclude Include="include\Handlers\Player\Mailbox\MailboxHandlers.h" />
    <ClInclude Include="include\Handlers\MainLobbyChatHandler.h" />
    <ClInclude Include="include\Handlers\Player\AuthorizationHandler.h" />
    <ClInclude Include="include\Handlers\Player\PlayerStateHandler.h" />
    <ClInclude Include="include\Handlers\Room\RoomCreationHandler.h" />
    <ClInclude Include="include\Handlers\Room\RoomLeaveHandler.h" />
    <ClInclude Include="include\Handlers\Room\RoomMiscHandler.h" />
    <ClInclude Include="include\Handlers\Room\RoomsListHandler.h" />
    <ClInclude Include="include\Handlers\Room\RoomStartHandler.h" />
    <ClInclude Include="include\Handlers\Room\SimpleSettingHandler.h" />
    <ClInclude Include="include\Persistence\MainDatabaseManager.h" />
    <ClInclude Include="include\Database\MainScheduler.h" />
    <ClInclude Include="include\Handlers\Item\BoughtItemHandler.h" />
    <ClInclude Include="include\Handlers\Player\InitialPlayerInfoHandlers.h" />
    <ClInclude Include="include\Handlers\Player\MainAccountInfoHandler.h" />
    <ClInclude Include="include\MainEnums.h" />
    <ClInclude Include="include\MainServer.h" />
    <ClInclude Include="include\Persistence\MainScheduler.h" />
    <ClInclude Include="include\Network\MainSessionManager.h" />
    <ClInclude Include="include\Structures\AccountInfo\MainLobbyAccountInfo.h" />
    <ClInclude Include="include\Structures\AccountInfo\MainAccountAchievements.h" />
    <ClInclude Include="include\Structures\AccountInfo\MainAccountInfo.h" />
    <ClInclude Include="include\Structures\AccountInfo\MainAccountUniqueId.h" />
    <ClInclude Include="include\Structures\PlayerLists\BlockedPlayer.h" />
    <ClInclude Include="include\Structures\Capsule\CapsuleList.h" />
    <ClInclude Include="include\Structures\Capsule\CapsuleSpin.h" />
    <ClInclude Include="include\Structures\PlayerLists\Friend.h" />
    <ClInclude Include="include\Structures\Item\MainBoughtItem.h" />
    <ClInclude Include="include\Structures\Item\MainEquippedItem.h" />
    <ClInclude Include="include\Structures\Item\MainItem.h" />
    <ClInclude Include="include\Structures\Item\MainItemSerialInfo.h" />
    <ClInclude Include="include\Structures\Item\SpawnedItem.h" />
    <ClInclude Include="include\Structures\Mailbox.h" />
    <ClInclude Include="include\Structures\MainEventsList.h" />
    <ClInclude Include="include\Structures\PlayerLists\SingleLobbyClanList.h" />
    <ClInclude Include="include\Structures\Room\ClientRoomCreationInfo.h" />
    <ClInclude Include="include\Classes\Room.h" />
    <ClInclude Include="include\Structures\Room\RoomJoin.h" />
    <ClInclude Include="include\Structures\Room\RoomPlayerClan.h" />
    <ClInclude Include="include\Structures\Room\RoomPlayerInfo.h" />
    <ClInclude Include="include\Structures\Room\RoomPlayerItems.h" />
    <ClInclude Include="include\Structures\Room\RoomSettingsUpdate.h" />
    <ClInclude Include="include\Structures\Room\RoomsList.h" />
    <ClInclude Include="include\Handlers\Room\MatchLeaveHandler.h" />
    <ClInclude Include="include\Handlers\Room\EliminationNextRoundHandler.h" />
    <ClInclude Include="include\Structures\AccountInfo\MuteInfo.h" />
    <ClInclude Include="include\Handlers\Room\IngameBatteryHandler.h" />
    <ClInclude Include="include\ChatCommands\Commands\Shutdown.h" />
    <ClInclude Include="include\Network\AuthSession.h" />
    <ClInclude Include="include\Structures\ClientData\Structures.h" />
    <ClInclude Include="include\Handlers\Item\GeneralItemHandler.h" />
    <ClInclude Include="include\Handlers\Room\RoomInviteJoin.h" />
    <ClInclude Include="include\ChatCommands\Commands\SendGift.h" />
    <ClInclude Include="include\ChatCommands\ICommand.h" />
    <ClInclude Include="include\ChatCommands\Commands\Announce.h" />
    <ClInclude Include="include\ChatCommands\Commands\SetNickname.h" />
    <ClInclude Include="include\ChatCommands\Commands\SetLevel.h" />
    <ClInclude Include="include\ChatCommands\Commands\GetItem.h" />
    <ClInclude Include="include\ChatCommands\Commands\Disconnect.h" />
    <ClInclude Include="include\ChatCommands\Commands\Kick.h" />
    <ClInclude Include="include\ChatCommands\Commands\Ban.h" />
    <ClInclude Include="include\ChatCommands\Commands\Mute.h" />
    <ClInclude Include="include\ChatCommands\Commands\Unban.h" />
    <ClInclude Include="include\ChatCommands\Commands\Close.h" />
    <ClInclude Include="include\ChatCommands\Commands\DebugRoom.h" />
    <ClInclude Include="include\Handlers\Clan\PartyCreationHandler.h" />
    <ClInclude Include="include\Handlers\Clan\PartyListHandler.h" />
    <ClInclude Include="include\Handlers\Clan\ActiveClansList.h" />
    <ClInclude Include="include\Classes\ClansManager.h" />
    <ClInclude Include="include\Classes\ClanRoom.h" />
    <ClInclude Include="include\Structures\Clan\ClanStructures.h" />
    <ClInclude Include="include\Handlers\Clan\PartySettingsHandler.h" />
    <ClInclude Include="include\Handlers\Clan\PartyJoinHandler.h" />
    <ClInclude Include="include\Handlers\Clan\ClanRegisterHandler.h" />
    <ClInclude Include="include\Handlers\Clan\OtherClanJoinHandler.h" />
    <ClInclude Include="include\Handlers\Clan\ClanRoomLeaveHandler.h" />
    <ClInclude Include="include\Handlers\Room\ClanRoomCreation.h" />
    <ClInclude Include="include\Classes\RoomNumberManager.h" />
    <ClInclude Include="include\Handlers\IPC\AuthMainCallbacks.h" />
    <ClInclude Include="include\Detail\IpcUtils.h" />
    <ClInclude Include="include\Handlers\IPC\CastMainCallbacks.h" />
    <ClInclude Include="include\ChatCommands\Commands\Breakroom.h" />
    <ClInclude Include="include\ChatCommands\Commands\ChangeHost.h" />
    <ClInclude Include="include\ChatCommands\Commands\Muteroom.h" />
    <ClInclude Include="include\Structures\Item\ItemId.h" />
    <ClInclude Include="include\ChatCommands\Commands\EnableRoomCreation.h" />
    <ClInclude Include="include\ChatCommands\Commands\MatchBan.h" />
    <ClInclude Include="include\ChatCommands\Commands\ChangeRoomTitle.h" />
    <ClInclude Include="include\ChatCommands\Commands\EnableRoomCreationFor.h" />
    <ClInclude Include="include\Network\HttpSession.h" />
    <ClInclude Include="include\ChatCommands\Commands\RandomCommands.h" />
    <ClInclude Include="include\ChatCommands\Commands\JoinInvisible.h" />
    <ClInclude Include="include\ChatCommands\Commands\TestCommand.h" />
    <ClInclude Include="include\Handlers\Trade\TradeAckHandler.h" />
    <ClInclude Include="include\Handlers\Trade\TradeAddItemHandler.h" />
    <ClInclude Include="include\Handlers\Trade\TradeCancelHandler.h" />
    <ClInclude Include="include\Handlers\Trade\TradeFinalizeHandler.h" />
    <ClInclude Include="include\Handlers\Trade\TradeInitializationHandler.h" />
    <ClInclude Include="include\Handlers\Trade\TradeLockHandler.h" />
    <ClInclude Include="include\Handlers\Trade\TradeRemoveItemHandler.h" />
    <ClInclude Include="include\Detail\Utilities.h" />
    <ClInclude Include="include\Structures\TradeSystem\TradeAck.h" />
    <ClInclude Include="include\Structures\TradeSystem\TradePlayerInfo.h" />
    <ClInclude Include="include\Structures\TradeSystem\TradeSystemItem.h" />
    <ClInclude Include="include\ChatCommands\Commands\AssassinMode.h" />
    <ClInclude Include="include\ChatCommands\Commands\SetEventCommands.h" />
    <ClInclude Include="include\ChatCommands\Commands\Invisible.h" />
    <ClInclude Include="include\Structures\EndScoreboard.h" />
  </ItemGroup>
  <ItemGroup>
    <None Include="cpp.hint" />
  </ItemGroup>
</Project>